<?xml version="1.0" encoding="utf-8"?>
<Project ToolsVersion="4.0" xmlns="http://schemas.microsoft.com/developer/msbuild/2003">
  <ItemGroup>
    <Filter Include="include">
      <UniqueIdentifier>{4cb73adc-3012-4c2a-bd72-4559e802025d}</UniqueIdentifier>
    </Filter>
    <Filter Include="src">
      <UniqueIdentifier>{b2c15dcd-7b6e-4660-ad02-7c1914df5d67}</UniqueIdentifier>
    </Filter>
    <Filter Include="include\Core">
      <UniqueIdentifier>{1c50d075-488f-4bea-b1db-2762c746c872}</UniqueIdentifier>
    </Filter>
    <Filter Include="src\Core">
      <UniqueIdentifier>{a7877f98-72a4-4294-9136-8a72bab63737}</UniqueIdentifier>
    </Filter>
    <Filter Include="include\Defines">
      <UniqueIdentifier>{26ae9190-f1ed-4664-9120-15a73874ff0a}</UniqueIdentifier>
    </Filter>
    <Filter Include="include\Core\Engine">
      <UniqueIdentifier>{04dd283c-e32d-4eb0-9d0f-dabd0741d269}</UniqueIdentifier>
    </Filter>
    <Filter Include="src\Core\Engine">
      <UniqueIdentifier>{9764ccf7-c93c-4be2-b1ed-f717c20f671d}</UniqueIdentifier>
    </Filter>
    <Filter Include="include\Core\Modules">
      <UniqueIdentifier>{1cffc443-6fa7-453f-914f-b9f71fcd307a}</UniqueIdentifier>
    </Filter>
    <Filter Include="include\Core\Modules\Graphics">
      <UniqueIdentifier>{0c769902-0550-4f86-84bc-4cb7ea787f7b}</UniqueIdentifier>
    </Filter>
    <Filter Include="src\Core\Modules">
      <UniqueIdentifier>{876946eb-93b0-4c0d-906b-f1d51c903020}</UniqueIdentifier>
    </Filter>
    <Filter Include="src\Core\Modules\Graphics">
      <UniqueIdentifier>{d106bbfb-145c-421f-9cd7-dc5dc3519af2}</UniqueIdentifier>
    </Filter>
    <Filter Include="include\Core\Scene">
      <UniqueIdentifier>{5768dd35-e766-4d82-a273-e9221a9f4868}</UniqueIdentifier>
    </Filter>
    <Filter Include="src\Core\Scene">
      <UniqueIdentifier>{de998692-dacd-4e8a-8db7-6181f9ae2a18}</UniqueIdentifier>
    </Filter>
  </ItemGroup>
  <ItemGroup>
    <ClInclude Include="C:\Users\James\Documents\University\Advanced_Computer_Science\Dissertation\GameEngine\GameEngine\GameEngine.Shared\include\Defines\OpenGL.h">
      <Filter>include\Defines</Filter>
    </ClInclude>
    <ClInclude Include="C:\Users\James\Documents\University\Advanced_Computer_Science\Dissertation\GameEngine\GameEngine\GameEngine.Shared\include\Core\Engine\Engine.h">
      <Filter>include\Core\Engine</Filter>
    </ClInclude>
    <ClInclude Include="C:\Users\James\Documents\University\Advanced_Computer_Science\Dissertation\GameEngine\GameEngine\GameEngine.Shared\include\Core\Modules\Graphics\Geometry.h">
      <Filter>include\Core\Modules\Graphics</Filter>
    </ClInclude>
    <ClInclude Include="C:\Users\James\Documents\University\Advanced_Computer_Science\Dissertation\GameEngine\GameEngine\GameEngine.Shared\include\Core\Modules\Graphics\Shader.h">
      <Filter>include\Core\Modules\Graphics</Filter>
    </ClInclude>
    <ClInclude Include="C:\Users\James\Documents\University\Advanced_Computer_Science\Dissertation\GameEngine\GameEngine\GameEngine.Shared\include\Core\Modules\Graphics\Vertex.h">
      <Filter>include\Core\Modules\Graphics</Filter>
    </ClInclude>
    <ClInclude Include="C:\Users\James\Documents\University\Advanced_Computer_Science\Dissertation\GameEngine\GameEngine\GameEngine.Shared\include\Core\Modules\CoreModule.h">
      <Filter>include\Core\Modules</Filter>
    </ClInclude>
    <ClInclude Include="C:\Users\James\Documents\University\Advanced_Computer_Science\Dissertation\GameEngine\GameEngine\GameEngine.Shared\include\Core\Modules\Graphics\Graphics.h">
      <Filter>include\Core\Modules\Graphics</Filter>
    </ClInclude>
    <ClInclude Include="C:\Users\James\Documents\University\Advanced_Computer_Science\Dissertation\GameEngine\GameEngine\GameEngine.Shared\include\Core\Scene\SceneManager.h">
      <Filter>include\Core\Scene</Filter>
    </ClInclude>
    <ClInclude Include="C:\Users\James\Documents\University\Advanced_Computer_Science\Dissertation\GameEngine\GameEngine\GameEngine.Shared\include\Core\Scene\Scene.h">
      <Filter>include\Core\Scene</Filter>
    </ClInclude>
  </ItemGroup>
  <ItemGroup>
    <ClCompile Include="C:\Users\James\Documents\University\Advanced_Computer_Science\Dissertation\GameEngine\GameEngine\GameEngine.Shared\src\Core\Engine\Engine.cpp">
      <Filter>src\Core\Engine</Filter>
    </ClCompile>
    <ClCompile Include="C:\Users\James\Documents\University\Advanced_Computer_Science\Dissertation\GameEngine\GameEngine\GameEngine.Shared\src\Core\Modules\Graphics\Geometry.cpp">
      <Filter>src\Core\Modules\Graphics</Filter>
    </ClCompile>
    <ClCompile Include="C:\Users\James\Documents\University\Advanced_Computer_Science\Dissertation\GameEngine\GameEngine\GameEngine.Shared\src\Core\Modules\Graphics\Shader.cpp">
      <Filter>src\Core\Modules\Graphics</Filter>
    </ClCompile>
    <ClCompile Include="C:\Users\James\Documents\University\Advanced_Computer_Science\Dissertation\GameEngine\GameEngine\GameEngine.Shared\src\Core\Modules\CoreModule.cpp">
      <Filter>src\Core\Modules</Filter>
    </ClCompile>
    <ClCompile Include="C:\Users\James\Documents\University\Advanced_Computer_Science\Dissertation\GameEngine\GameEngine\GameEngine.Shared\src\Core\Modules\Graphics\Graphics.cpp">
      <Filter>src\Core\Modules\Graphics</Filter>
    </ClCompile>
    <ClCompile Include="C:\Users\James\Documents\University\Advanced_Computer_Science\Dissertation\GameEngine\GameEngine\GameEngine.Shared\src\Core\Scene\SceneManager.cpp">
      <Filter>src\Core\Scene</Filter>
    </ClCompile>
    <ClCompile Include="C:\Users\James\Documents\University\Advanced_Computer_Science\Dissertation\GameEngine\GameEngine\GameEngine.Shared\src\Core\Scene\Scene.cpp">
      <Filter>src\Core\Scene</Filter>
    </ClCompile>
  </ItemGroup>
</Project>